
Microsoft Visual Studio Solution File, Format Version 12.00
# Visual Studio 15
VisualStudioVersion = 15.0.28307.645
MinimumVisualStudioVersion = 10.0.40219.1
Project("{FAE04EC0-301F-11D3-BF4B-00C04F79EFBC}") = "ReactAspx", "ReactAspx\ReactAspx.csproj", "{CEDC5D4C-DD57-43F5-B982-44F610236E23}"
EndProject
Global
	GlobalSection(SolutionConfigurationPlatforms) = preSolution
		Debug|Any CPU = Debug|Any CPU
		Release|Any CPU = Release|Any CPU
	EndGlobalSection
	GlobalSection(ProjectConfigurationPlatforms) = postSolution
		{CEDC5D4C-DD57-43F5-B982-44F610236E23}.Debug|Any CPU.ActiveCfg = Debug|Any CPU
		{CEDC5D4C-DD57-43F5-B982-44F610236E23}.Debug|Any CPU.Build.0 = Debug|Any CPU
		{CEDC5D4C-DD57-43F5-B982-44F610236E23}.Release|Any CPU.ActiveCfg = Release|Any CPU
		{CEDC5D4C-DD57-43F5-B982-44F610236E23}.Release|Any CPU.Build.0 = Release|Any CPU
	EndGlobalSection
	GlobalSection(SolutionProperties) = preSolution
		HideSolutionNode = FALSE
	EndGlobalSection
	GlobalSection(ExtensibilityGlobals) = postSolution
		SolutionGuid = {22B9F29E-D556-4D9E-BDFC-99306A2C4EE5}
	EndGlobalSection
EndGlobal
